
Microsoft Visual Studio Solution File, Format Version 12.00
# Visual Studio 15
VisualStudioVersion = 15.0.26730.10
MinimumVisualStudioVersion = 10.0.40219.1
Project("{FAE04EC0-301F-11D3-BF4B-00C04F79EFBC}") = "Lab6.2", "Lab6.2\Lab6.2.csproj", "{156F6037-B398-4C1A-83CB-1DDECB4635A7}"
EndProject
Global
	GlobalSection(SolutionConfigurationPlatforms) = preSolution
		Debug|Any CPU = Debug|Any CPU
		Release|Any CPU = Release|Any CPU
	EndGlobalSection
	GlobalSection(ProjectConfigurationPlatforms) = postSolution
		{156F6037-B398-4C1A-83CB-1DDECB4635A7}.Debug|Any CPU.ActiveCfg = Debug|Any CPU
		{156F6037-B398-4C1A-83CB-1DDECB4635A7}.Debug|Any CPU.Build.0 = Debug|Any CPU
		{156F6037-B398-4C1A-83CB-1DDECB4635A7}.Release|Any CPU.ActiveCfg = Release|Any CPU
		{156F6037-B398-4C1A-83CB-1DDECB4635A7}.Release|Any CPU.Build.0 = Release|Any CPU
	EndGlobalSection
	GlobalSection(SolutionProperties) = preSolution
		HideSolutionNode = FALSE
	EndGlobalSection
	GlobalSection(ExtensibilityGlobals) = postSolution
		SolutionGuid = {181DBF54-D846-4623-874D-984EC4D7E444}
	EndGlobalSection
EndGlobal
